
Microsoft Visual Studio Solution File, Format Version 12.00
# Visual Studio 15
VisualStudioVersion = 15.0.27130.2027
MinimumVisualStudioVersion = 10.0.40219.1
Project("{FAE04EC0-301F-11D3-BF4B-00C04F79EFBC}") = "05-MessageHandler", "05-MessageHandler\05-MessageHandler.csproj", "{B8CFBC38-B5F4-46B5-8072-2EC2A5157310}"
EndProject
Project("{FAE04EC0-301F-11D3-BF4B-00C04F79EFBC}") = "05-MessageHandler.Tests", "05-MessageHandler.Tests\05-MessageHandler.Tests.csproj", "{97A9863E-DE70-46E1-9E68-2D64AA1BE4A3}"
EndProject
Project("{FAE04EC0-301F-11D3-BF4B-00C04F79EFBC}") = "SenparcClass.Service", "SenparcClass.Service\SenparcClass.Service.csproj", "{4843C3CD-6E6A-4B8B-BF41-B3BDD3765B34}"
EndProject
Global
	GlobalSection(SolutionConfigurationPlatforms) = preSolution
		Debug|Any CPU = Debug|Any CPU
		Release|Any CPU = Release|Any CPU
	EndGlobalSection
	GlobalSection(ProjectConfigurationPlatforms) = postSolution
		{B8CFBC38-B5F4-46B5-8072-2EC2A5157310}.Debug|Any CPU.ActiveCfg = Debug|Any CPU
		{B8CFBC38-B5F4-46B5-8072-2EC2A5157310}.Debug|Any CPU.Build.0 = Debug|Any CPU
		{B8CFBC38-B5F4-46B5-8072-2EC2A5157310}.Release|Any CPU.ActiveCfg = Release|Any CPU
		{B8CFBC38-B5F4-46B5-8072-2EC2A5157310}.Release|Any CPU.Build.0 = Release|Any CPU
		{97A9863E-DE70-46E1-9E68-2D64AA1BE4A3}.Debug|Any CPU.ActiveCfg = Debug|Any CPU
		{97A9863E-DE70-46E1-9E68-2D64AA1BE4A3}.Debug|Any CPU.Build.0 = Debug|Any CPU
		{97A9863E-DE70-46E1-9E68-2D64AA1BE4A3}.Release|Any CPU.ActiveCfg = Release|Any CPU
		{97A9863E-DE70-46E1-9E68-2D64AA1BE4A3}.Release|Any CPU.Build.0 = Release|Any CPU
		{4843C3CD-6E6A-4B8B-BF41-B3BDD3765B34}.Debug|Any CPU.ActiveCfg = Debug|Any CPU
		{4843C3CD-6E6A-4B8B-BF41-B3BDD3765B34}.Debug|Any CPU.Build.0 = Debug|Any CPU
		{4843C3CD-6E6A-4B8B-BF41-B3BDD3765B34}.Release|Any CPU.ActiveCfg = Release|Any CPU
		{4843C3CD-6E6A-4B8B-BF41-B3BDD3765B34}.Release|Any CPU.Build.0 = Release|Any CPU
	EndGlobalSection
	GlobalSection(SolutionProperties) = preSolution
		HideSolutionNode = FALSE
	EndGlobalSection
	GlobalSection(ExtensibilityGlobals) = postSolution
		SolutionGuid = {742972EA-BA07-48FF-A54E-6BC56AF7A9CE}
	EndGlobalSection
EndGlobal
